// !$*UTF8*$!
{
	archiveVersion = 1;
	classes = {
	};
	objectVersion = 46;
	objects = {

/* Begin PBXBuildFile section */
		4E8F67CA1F5F2CEB000E9A3A /* DC_Crime_Data.mmpk in Resources */ = {isa = PBXBuildFile; fileRef = 4E8F67C91F5F2CEB000E9A3A /* DC_Crime_Data.mmpk */; };
		4E96086F1F5762560024806B /* AppDelegate.swift in Sources */ = {isa = PBXBuildFile; fileRef = 4E96086E1F5762560024806B /* AppDelegate.swift */; };
		4E9608711F5762560024806B /* ViewController.swift in Sources */ = {isa = PBXBuildFile; fileRef = 4E9608701F5762560024806B /* ViewController.swift */; };
		4E9608741F5762560024806B /* Main.storyboard in Resources */ = {isa = PBXBuildFile; fileRef = 4E9608721F5762560024806B /* Main.storyboard */; };
		4E9608761F5762560024806B /* Assets.xcassets in Resources */ = {isa = PBXBuildFile; fileRef = 4E9608751F5762560024806B /* Assets.xcassets */; };
		4E9608791F5762560024806B /* LaunchScreen.storyboard in Resources */ = {isa = PBXBuildFile; fileRef = 4E9608771F5762560024806B /* LaunchScreen.storyboard */; };
		CD68D2A6AB4F3D6FE0AD97CD /* Pods_WorkshopApp.framework in Frameworks */ = {isa = PBXBuildFile; fileRef = CEE89C9A0432A95E780E12BE /* Pods_WorkshopApp.framework */; };
/* End PBXBuildFile section */

/* Begin PBXFileReference section */
		3F7920372E361B88FCE5362D /* Pods-WorkshopApp.release.xcconfig */ = {isa = PBXFileReference; includeInIndex = 1; lastKnownFileType = text.xcconfig; name = "Pods-WorkshopApp.release.xcconfig"; path = "Pods/Target Support Files/Pods-WorkshopApp/Pods-WorkshopApp.release.xcconfig"; sourceTree = "<group>"; };
		4E8F67C91F5F2CEB000E9A3A /* DC_Crime_Data.mmpk */ = {isa = PBXFileReference; lastKnownFileType = file; name = DC_Crime_Data.mmpk; path = ../../../../data/DC_Crime_Data.mmpk; sourceTree = "<group>"; };
		4E96086B1F5762560024806B /* WorkshopApp.app */ = {isa = PBXFileReference; explicitFileType = wrapper.application; includeInIndex = 0; path = WorkshopApp.app; sourceTree = BUILT_PRODUCTS_DIR; };
		4E96086E1F5762560024806B /* AppDelegate.swift */ = {isa = PBXFileReference; lastKnownFileType = sourcecode.swift; path = AppDelegate.swift; sourceTree = "<group>"; };
		4E9608701F5762560024806B /* ViewController.swift */ = {isa = PBXFileReference; lastKnownFileType = sourcecode.swift; path = ViewController.swift; sourceTree = "<group>"; };
		4E9608731F5762560024806B /* Base */ = {isa = PBXFileReference; lastKnownFileType = file.storyboard; name = Base; path = Base.lproj/Main.storyboard; sourceTree = "<group>"; };
		4E9608751F5762560024806B /* Assets.xcassets */ = {isa = PBXFileReference; lastKnownFileType = folder.assetcatalog; path = Assets.xcassets; sourceTree = "<group>"; };
		4E9608781F5762560024806B /* Base */ = {isa = PBXFileReference; lastKnownFileType = file.storyboard; name = Base; path = Base.lproj/LaunchScreen.storyboard; sourceTree = "<group>"; };
		4E96087A1F5762560024806B /* Info.plist */ = {isa = PBXFileReference; lastKnownFileType = text.plist.xml; path = Info.plist; sourceTree = "<group>"; };
		CEE89C9A0432A95E780E12BE /* Pods_WorkshopApp.framework */ = {isa = PBXFileReference; explicitFileType = wrapper.framework; includeInIndex = 0; path = Pods_WorkshopApp.framework; sourceTree = BUILT_PRODUCTS_DIR; };
		D54A2B537999BF5F795F11F8 /* Pods-WorkshopApp.debug.xcconfig */ = {isa = PBXFileReference; includeInIndex = 1; lastKnownFileType = text.xcconfig; name = "Pods-WorkshopApp.debug.xcconfig"; path = "Pods/Target Support Files/Pods-WorkshopApp/Pods-WorkshopApp.debug.xcconfig"; sourceTree = "<group>"; };
/* End PBXFileReference section */

/* Begin PBXFrameworksBuildPhase section */
		4E9608681F5762560024806B /* Frameworks */ = {
			isa = PBXFrameworksBuildPhase;
			buildActionMask = 2147483647;
			files = (
				CD68D2A6AB4F3D6FE0AD97CD /* Pods_WorkshopApp.framework in Frameworks */,
			);
			runOnlyForDeploymentPostprocessing = 0;
		};
/* End PBXFrameworksBuildPhase section */

/* Begin PBXGroup section */
		19150849A78098B5689598A1 /* Frameworks */ = {
			isa = PBXGroup;
			children = (
				CEE89C9A0432A95E780E12BE /* Pods_WorkshopApp.framework */,
			);
			name = Frameworks;
			sourceTree = "<group>";
		};
		21D868624FFC572B190F1565 /* Pods */ = {
			isa = PBXGroup;
			children = (
				D54A2B537999BF5F795F11F8 /* Pods-WorkshopApp.debug.xcconfig */,
				3F7920372E361B88FCE5362D /* Pods-WorkshopApp.release.xcconfig */,
			);
			name = Pods;
			sourceTree = "<group>";
		};
		4E9608621F5762560024806B = {
			isa = PBXGroup;
			children = (
				4E8F67C91F5F2CEB000E9A3A /* DC_Crime_Data.mmpk */,
				4E96086D1F5762560024806B /* WorkshopApp */,
				4E96086C1F5762560024806B /* Products */,
				21D868624FFC572B190F1565 /* Pods */,
				19150849A78098B5689598A1 /* Frameworks */,
			);
			sourceTree = "<group>";
		};
		4E96086C1F5762560024806B /* Products */ = {
			isa = PBXGroup;
			children = (
				4E96086B1F5762560024806B /* WorkshopApp.app */,
			);
			name = Products;
			sourceTree = "<group>";
		};
		4E96086D1F5762560024806B /* WorkshopApp */ = {
			isa = PBXGroup;
			children = (
				4E96086E1F5762560024806B /* AppDelegate.swift */,
				4E9608701F5762560024806B /* ViewController.swift */,
				4E9608721F5762560024806B /* Main.storyboard */,
				4E9608751F5762560024806B /* Assets.xcassets */,
				4E9608771F5762560024806B /* LaunchScreen.storyboard */,
				4E96087A1F5762560024806B /* Info.plist */,
			);
			path = WorkshopApp;
			sourceTree = "<group>";
		};
/* End PBXGroup section */

/* Begin PBXNativeTarget section */
		4E96086A1F5762560024806B /* WorkshopApp */ = {
			isa = PBXNativeTarget;
			buildConfigurationList = 4E96087D1F5762560024806B /* Build configuration list for PBXNativeTarget "WorkshopApp" */;
			buildPhases = (
				926F878541B724A4123910A8 /* [CP] Check Pods Manifest.lock */,
				4E9608671F5762560024806B /* Sources */,
				4E9608681F5762560024806B /* Frameworks */,
				4E9608691F5762560024806B /* Resources */,
				65AD820447E464C68D887547 /* [CP] Embed Pods Frameworks */,
				890A20514A5F92D76AD7FFC9 /* [CP] Copy Pods Resources */,
			);
			buildRules = (
			);
			dependencies = (
			);
			name = WorkshopApp;
			productName = WorkshopApp;
			productReference = 4E96086B1F5762560024806B /* WorkshopApp.app */;
			productType = "com.apple.product-type.application";
		};
/* End PBXNativeTarget section */

/* Begin PBXProject section */
		4E9608631F5762560024806B /* Project object */ = {
			isa = PBXProject;
			attributes = {
				LastSwiftUpdateCheck = 0830;
				LastUpgradeCheck = 0830;
				ORGANIZATIONNAME = Esri;
				TargetAttributes = {
					4E96086A1F5762560024806B = {
						CreatedOnToolsVersion = 8.3.3;
						ProvisioningStyle = Automatic;
					};
				};
			};
			buildConfigurationList = 4E9608661F5762560024806B /* Build configuration list for PBXProject "WorkshopApp" */;
			compatibilityVersion = "Xcode 3.2";
			developmentRegion = English;
			hasScannedForEncodings = 0;
			knownRegions = (
				en,
				Base,
			);
			mainGroup = 4E9608621F5762560024806B;
			productRefGroup = 4E96086C1F5762560024806B /* Products */;
			projectDirPath = "";
			projectRoot = "";
			targets = (
				4E96086A1F5762560024806B /* WorkshopApp */,
			);
		};
/* End PBXProject section */

/* Begin PBXResourcesBuildPhase section */
		4E9608691F5762560024806B /* Resources */ = {
			isa = PBXResourcesBuildPhase;
			buildActionMask = 2147483647;
			files = (
				4E8F67CA1F5F2CEB000E9A3A /* DC_Crime_Data.mmpk in Resources */,
				4E9608791F5762560024806B /* LaunchScreen.storyboard in Resources */,
				4E9608761F5762560024806B /* Assets.xcassets in Resources */,
				4E9608741F5762560024806B /* Main.storyboard in Resources */,
			);
			runOnlyForDeploymentPostprocessing = 0;
		};
/* End PBXResourcesBuildPhase section */

/* Begin PBXShellScriptBuildPhase section */
		65AD820447E464C68D887547 /* [CP] Embed Pods Frameworks */ = {
			isa = PBXShellScriptBuildPhase;
			buildActionMask = 2147483647;
			files = (
			);
			inputPaths = (
				"${SRCROOT}/Pods/Target Support Files/Pods-WorkshopApp/Pods-WorkshopApp-frameworks.sh",
				"${PODS_ROOT}/ArcGIS-Runtime-SDK-iOS/ArcGIS.framework",
				"${PODS_ROOT}/ArcGIS-Runtime-SDK-iOS/ArcGIS.framework.dSYM",
			);
			name = "[CP] Embed Pods Frameworks";
			outputPaths = (
				"${TARGET_BUILD_DIR}/${FRAMEWORKS_FOLDER_PATH}/ArcGIS.framework",
				"${DWARF_DSYM_FOLDER_PATH}/ArcGIS.framework.dSYM",
			);
			runOnlyForDeploymentPostprocessing = 0;
			shellPath = /bin/sh;
			shellScript = "\"${SRCROOT}/Pods/Target Support Files/Pods-WorkshopApp/Pods-WorkshopApp-frameworks.sh\"\n";
			showEnvVarsInLog = 0;
		};
		890A20514A5F92D76AD7FFC9 /* [CP] Copy Pods Resources */ = {
			isa = PBXShellScriptBuildPhase;
			buildActionMask = 2147483647;
			files = (
			);
			inputPaths = (
				"${SRCROOT}/Pods/Target Support Files/Pods-WorkshopApp/Pods-WorkshopApp-resources.sh",
				"${PODS_ROOT}/ArcGIS-Runtime-SDK-iOS/ArcGIS.framework/ArcGIS.bundle",
			);
			name = "[CP] Copy Pods Resources";
			outputPaths = (
				"${TARGET_BUILD_DIR}/${UNLOCALIZED_RESOURCES_FOLDER_PATH}",
			);
			runOnlyForDeploymentPostprocessing = 0;
			shellPath = /bin/sh;
			shellScript = "\"${SRCROOT}/Pods/Target Support Files/Pods-WorkshopApp/Pods-WorkshopApp-resources.sh\"\n";
			showEnvVarsInLog = 0;
		};
		926F878541B724A4123910A8 /* [CP] Check Pods Manifest.lock */ = {
			isa = PBXShellScriptBuildPhase;
			buildActionMask = 2147483647;
			files = (
			);
			inputPaths = (
				"${PODS_PODFILE_DIR_PATH}/Podfile.lock",
				"${PODS_ROOT}/Manifest.lock",
			);
			name = "[CP] Check Pods Manifest.lock";
			outputPaths = (
				"$(DERIVED_FILE_DIR)/Pods-WorkshopApp-checkManifestLockResult.txt",
			);
			runOnlyForDeploymentPostprocessing = 0;
			shellPath = /bin/sh;
			shellScript = "diff \"${PODS_PODFILE_DIR_PATH}/Podfile.lock\" \"${PODS_ROOT}/Manifest.lock\" > /dev/null\nif [ $? != 0 ] ; then\n    # print error to STDERR\n    echo \"error: The sandbox is not in sync with the Podfile.lock. Run 'pod install' or update your CocoaPods installation.\" >&2\n    exit 1\nfi\n# This output is used by Xcode 'outputs' to avoid re-running this script phase.\necho \"SUCCESS\" > \"${SCRIPT_OUTPUT_FILE_0}\"\n";
			showEnvVarsInLog = 0;
		};
/* End PBXShellScriptBuildPhase section */

/* Begin PBXSourcesBuildPhase section */
		4E9608671F5762560024806B /* Sources */ = {
			isa = PBXSourcesBuildPhase;
			buildActionMask = 2147483647;
			files = (
				4E9608711F5762560024806B /* ViewController.swift in Sources */,
				4E96086F1F5762560024806B /* AppDelegate.swift in Sources */,
			);
			runOnlyForDeploymentPostprocessing = 0;
		};
/* End PBXSourcesBuildPhase section */

/* Begin PBXVariantGroup section */
		4E9608721F5762560024806B /* Main.storyboard */ = {
			isa = PBXVariantGroup;
			children = (
				4E9608731F5762560024806B /* Base */,
			);
			name = Main.storyboard;
			sourceTree = "<group>";
		};
		4E9608771F5762560024806B /* LaunchScreen.storyboard */ = {
			isa = PBXVariantGroup;
			children = (
				4E9608781F5762560024806B /* Base */,
			);
			name = LaunchScreen.storyboard;
			sourceTree = "<group>";
		};
/* End PBXVariantGroup section */

/* Begin XCBuildConfiguration section */
		4E96087B1F5762560024806B /* Debug */ = {
			isa = XCBuildConfiguration;
			buildSettings = {
				ALWAYS_SEARCH_USER_PATHS = NO;
				CLANG_ANALYZER_NONNULL = YES;
				CLANG_ANALYZER_NUMBER_OBJECT_CONVERSION = YES_AGGRESSIVE;
				CLANG_CXX_LANGUAGE_STANDARD = "gnu++0x";
				CLANG_CXX_LIBRARY = "libc++";
				CLANG_ENABLE_MODULES = YES;
				CLANG_ENABLE_OBJC_ARC = YES;
				CLANG_WARN_BOOL_CONVERSION = YES;
				CLANG_WARN_CONSTANT_CONVERSION = YES;
				CLANG_WARN_DIRECT_OBJC_ISA_USAGE = YES_ERROR;
				CLANG_WARN_DOCUMENTATION_COMMENTS = YES;
				CLANG_WARN_EMPTY_BODY = YES;
				CLANG_WARN_ENUM_CONVERSION = YES;
				CLANG_WARN_INFINITE_RECURSION = YES;
				CLANG_WARN_INT_CONVERSION = YES;
				CLANG_WARN_OBJC_ROOT_CLASS = YES_ERROR;
				CLANG_WARN_SUSPICIOUS_MOVE = YES;
				CLANG_WARN_UNREACHABLE_CODE = YES;
				CLANG_WARN__DUPLICATE_METHOD_MATCH = YES;
				"CODE_SIGN_IDENTITY[sdk=iphoneos*]" = "iPhone Developer";
				COPY_PHASE_STRIP = NO;
				DEBUG_INFORMATION_FORMAT = dwarf;
				ENABLE_STRICT_OBJC_MSGSEND = YES;
				ENABLE_TESTABILITY = YES;
				GCC_C_LANGUAGE_STANDARD = gnu99;
				GCC_DYNAMIC_NO_PIC = NO;
				GCC_NO_COMMON_BLOCKS = YES;
				GCC_OPTIMIZATION_LEVEL = 0;
				GCC_PREPROCESSOR_DEFINITIONS = (
					"DEBUG=1",
					"$(inherited)",
				);
				GCC_WARN_64_TO_32_BIT_CONVERSION = YES;
				GCC_WARN_ABOUT_RETURN_TYPE = YES_ERROR;
				GCC_WARN_UNDECLARED_SELECTOR = YES;
				GCC_WARN_UNINITIALIZED_AUTOS = YES_AGGRESSIVE;
				GCC_WARN_UNUSED_FUNCTION = YES;
				GCC_WARN_UNUSED_VARIABLE = YES;
				IPHONEOS_DEPLOYMENT_TARGET = 10.3;
				MTL_ENABLE_DEBUG_INFO = YES;
				ONLY_ACTIVE_ARCH = YES;
				SDKROOT = iphoneos;
				SWIFT_ACTIVE_COMPILATION_CONDITIONS = DEBUG;
				SWIFT_OPTIMIZATION_LEVEL = "-Onone";
				TARGETED_DEVICE_FAMILY = "1,2";
			};
			name = Debug;
		};
		4E96087C1F5762560024806B /* Release */ = {
			isa = XCBuildConfiguration;
			buildSettings = {
				ALWAYS_SEARCH_USER_PATHS = NO;
				CLANG_ANALYZER_NONNULL = YES;
				CLANG_ANALYZER_NUMBER_OBJECT_CONVERSION = YES_AGGRESSIVE;
				CLANG_CXX_LANGUAGE_STANDARD = "gnu++0x";
				CLANG_CXX_LIBRARY = "libc++";
				CLANG_ENABLE_MODULES = YES;
				CLANG_ENABLE_OBJC_ARC = YES;
				CLANG_WARN_BOOL_CONVERSION = YES;
				CLANG_WARN_CONSTANT_CONVERSION = YES;
				CLANG_WARN_DIRECT_OBJC_ISA_USAGE = YES_ERROR;
				CLANG_WARN_DOCUMENTATION_COMMENTS = YES;
				CLANG_WARN_EMPTY_BODY = YES;
				CLANG_WARN_ENUM_CONVERSION = YES;
				CLANG_WARN_INFINITE_RECURSION = YES;
				CLANG_WARN_INT_CONVERSION = YES;
				CLANG_WARN_OBJC_ROOT_CLASS = YES_ERROR;
				CLANG_WARN_SUSPICIOUS_MOVE = YES;
				CLANG_WARN_UNREACHABLE_CODE = YES;
				CLANG_WARN__DUPLICATE_METHOD_MATCH = YES;
				"CODE_SIGN_IDENTITY[sdk=iphoneos*]" = "iPhone Developer";
				COPY_PHASE_STRIP = NO;
				DEBUG_INFORMATION_FORMAT = "dwarf-with-dsym";
				ENABLE_NS_ASSERTIONS = NO;
				ENABLE_STRICT_OBJC_MSGSEND = YES;
				GCC_C_LANGUAGE_STANDARD = gnu99;
				GCC_NO_COMMON_BLOCKS = YES;
				GCC_WARN_64_TO_32_BIT_CONVERSION = YES;
				GCC_WARN_ABOUT_RETURN_TYPE = YES_ERROR;
				GCC_WARN_UNDECLARED_SELECTOR = YES;
				GCC_WARN_UNINITIALIZED_AUTOS = YES_AGGRESSIVE;
				GCC_WARN_UNUSED_FUNCTION = YES;
				GCC_WARN_UNUSED_VARIABLE = YES;
				IPHONEOS_DEPLOYMENT_TARGET = 10.3;
				MTL_ENABLE_DEBUG_INFO = NO;
				SDKROOT = iphoneos;
				SWIFT_OPTIMIZATION_LEVEL = "-Owholemodule";
				TARGETED_DEVICE_FAMILY = "1,2";
				VALIDATE_PRODUCT = YES;
			};
			name = Release;
		};
		4E96087E1F5762560024806B /* Debug */ = {
			isa = XCBuildConfiguration;
			baseConfigurationReference = D54A2B537999BF5F795F11F8 /* Pods-WorkshopApp.debug.xcconfig */;
			buildSettings = {
				ASSETCATALOG_COMPILER_APPICON_NAME = AppIcon;
				DEVELOPMENT_TEAM = "";
				INFOPLIST_FILE = WorkshopApp/Info.plist;
				LD_RUNPATH_SEARCH_PATHS = "$(inherited) @executable_path/Frameworks";
				PRODUCT_BUNDLE_IDENTIFIER = com.esri.wdc.geodev.WorkshopApp;
				PRODUCT_NAME = "$(TARGET_NAME)";
				SWIFT_VERSION = 3.0;
			};
			name = Debug;
		};
		4E96087F1F5762560024806B /* Release */ = {
			isa = XCBuildConfiguration;
			baseConfigurationReference = 3F7920372E361B88FCE5362D /* Pods-WorkshopApp.release.xcconfig */;
			buildSettings = {
				ASSETCATALOG_COMPILER_APPICON_NAME = AppIcon;
				DEVELOPMENT_TEAM = "";
				INFOPLIST_FILE = WorkshopApp/Info.plist;
				LD_RUNPATH_SEARCH_PATHS = "$(inherited) @executable_path/Frameworks";
				PRODUCT_BUNDLE_IDENTIFIER = com.esri.wdc.geodev.WorkshopApp;
				PRODUCT_NAME = "$(TARGET_NAME)";
				SWIFT_VERSION = 3.0;
			};
			name = Release;
		};
/* End XCBuildConfiguration section */

/* Begin XCConfigurationList section */
		4E9608661F5762560024806B /* Build configuration list for PBXProject "WorkshopApp" */ = {
			isa = XCConfigurationList;
			buildConfigurations = (
				4E96087B1F5762560024806B /* Debug */,
				4E96087C1F5762560024806B /* Release */,
			);
			defaultConfigurationIsVisible = 0;
			defaultConfigurationName = Release;
		};
		4E96087D1F5762560024806B /* Build configuration list for PBXNativeTarget "WorkshopApp" */ = {
			isa = XCConfigurationList;
			buildConfigurations = (
				4E96087E1F5762560024806B /* Debug */,
				4E96087F1F5762560024806B /* Release */,
			);
			defaultConfigurationIsVisible = 0;
			defaultConfigurationName = Release;
		};
/* End XCConfigurationList section */
	};
	rootObject = 4E9608631F5762560024806B /* Project object */;
}
